// !$*UTF8*$!
{
	archiveVersion = 1;
	classes = {
	};
	objectVersion = 50;
	objects = {

/* Begin PBXBuildFile section */
		97B051D224A964A200F6EC25 /* AppDelegate.swift in Sources */ = {isa = PBXBuildFile; fileRef = 97B051D124A964A200F6EC25 /* AppDelegate.swift */; };
		97B051D424A964A200F6EC25 /* SceneDelegate.swift in Sources */ = {isa = PBXBuildFile; fileRef = 97B051D324A964A200F6EC25 /* SceneDelegate.swift */; };
		97B051D624A964A200F6EC25 /* ViewController.swift in Sources */ = {isa = PBXBuildFile; fileRef = 97B051D524A964A200F6EC25 /* ViewController.swift */; };
		97B051D924A964A200F6EC25 /* Main.storyboard in Resources */ = {isa = PBXBuildFile; fileRef = 97B051D724A964A200F6EC25 /* Main.storyboard */; };
		97B051DB24A964A300F6EC25 /* Assets.xcassets in Resources */ = {isa = PBXBuildFile; fileRef = 97B051DA24A964A300F6EC25 /* Assets.xcassets */; };
		97B051DE24A964A300F6EC25 /* LaunchScreen.storyboard in Resources */ = {isa = PBXBuildFile; fileRef = 97B051DC24A964A300F6EC25 /* LaunchScreen.storyboard */; };
		97B051E924A964A300F6EC25 /* Activity_FootprintTests.swift in Sources */ = {isa = PBXBuildFile; fileRef = 97B051E824A964A300F6EC25 /* Activity_FootprintTests.swift */; };
		97B051F424A964A300F6EC25 /* Activity_FootprintUITests.swift in Sources */ = {isa = PBXBuildFile; fileRef = 97B051F324A964A300F6EC25 /* Activity_FootprintUITests.swift */; };
		97B0520424A964D500F6EC25 /* HealthKit.framework in Frameworks */ = {isa = PBXBuildFile; fileRef = 97B0520324A964D500F6EC25 /* HealthKit.framework */; };
		97B0520724A969DB00F6EC25 /* HealthKitSetupAssistant.swift in Sources */ = {isa = PBXBuildFile; fileRef = 97B0520624A969DB00F6EC25 /* HealthKitSetupAssistant.swift */; };
		97B0520A24A96E6300F6EC25 /* WorkoutsDataStore.swift in Sources */ = {isa = PBXBuildFile; fileRef = 97B0520924A96E6300F6EC25 /* WorkoutsDataStore.swift */; };
/* End PBXBuildFile section */

/* Begin PBXContainerItemProxy section */
		97B051E524A964A300F6EC25 /* PBXContainerItemProxy */ = {
			isa = PBXContainerItemProxy;
			containerPortal = 97B051C624A964A200F6EC25 /* Project object */;
			proxyType = 1;
			remoteGlobalIDString = 97B051CD24A964A200F6EC25;
			remoteInfo = "Activity Footprint";
		};
		97B051F024A964A300F6EC25 /* PBXContainerItemProxy */ = {
			isa = PBXContainerItemProxy;
			containerPortal = 97B051C624A964A200F6EC25 /* Project object */;
			proxyType = 1;
			remoteGlobalIDString = 97B051CD24A964A200F6EC25;
			remoteInfo = "Activity Footprint";
		};
/* End PBXContainerItemProxy section */

/* Begin PBXFileReference section */
		97B051CE24A964A200F6EC25 /* Activity Footprint.app */ = {isa = PBXFileReference; explicitFileType = wrapper.application; includeInIndex = 0; path = "Activity Footprint.app"; sourceTree = BUILT_PRODUCTS_DIR; };
		97B051D124A964A200F6EC25 /* AppDelegate.swift */ = {isa = PBXFileReference; lastKnownFileType = sourcecode.swift; path = AppDelegate.swift; sourceTree = "<group>"; };
		97B051D324A964A200F6EC25 /* SceneDelegate.swift */ = {isa = PBXFileReference; lastKnownFileType = sourcecode.swift; path = SceneDelegate.swift; sourceTree = "<group>"; };
		97B051D524A964A200F6EC25 /* ViewController.swift */ = {isa = PBXFileReference; lastKnownFileType = sourcecode.swift; path = ViewController.swift; sourceTree = "<group>"; };
		97B051D824A964A200F6EC25 /* Base */ = {isa = PBXFileReference; lastKnownFileType = file.storyboard; name = Base; path = Base.lproj/Main.storyboard; sourceTree = "<group>"; };
		97B051DA24A964A300F6EC25 /* Assets.xcassets */ = {isa = PBXFileReference; lastKnownFileType = folder.assetcatalog; path = Assets.xcassets; sourceTree = "<group>"; };
		97B051DD24A964A300F6EC25 /* Base */ = {isa = PBXFileReference; lastKnownFileType = file.storyboard; name = Base; path = Base.lproj/LaunchScreen.storyboard; sourceTree = "<group>"; };
		97B051DF24A964A300F6EC25 /* Info.plist */ = {isa = PBXFileReference; lastKnownFileType = text.plist.xml; path = Info.plist; sourceTree = "<group>"; };
		97B051E424A964A300F6EC25 /* Activity FootprintTests.xctest */ = {isa = PBXFileReference; explicitFileType = wrapper.cfbundle; includeInIndex = 0; path = "Activity FootprintTests.xctest"; sourceTree = BUILT_PRODUCTS_DIR; };
		97B051E824A964A300F6EC25 /* Activity_FootprintTests.swift */ = {isa = PBXFileReference; lastKnownFileType = sourcecode.swift; path = Activity_FootprintTests.swift; sourceTree = "<group>"; };
		97B051EA24A964A300F6EC25 /* Info.plist */ = {isa = PBXFileReference; lastKnownFileType = text.plist.xml; path = Info.plist; sourceTree = "<group>"; };
		97B051EF24A964A300F6EC25 /* Activity FootprintUITests.xctest */ = {isa = PBXFileReference; explicitFileType = wrapper.cfbundle; includeInIndex = 0; path = "Activity FootprintUITests.xctest"; sourceTree = BUILT_PRODUCTS_DIR; };
		97B051F324A964A300F6EC25 /* Activity_FootprintUITests.swift */ = {isa = PBXFileReference; lastKnownFileType = sourcecode.swift; path = Activity_FootprintUITests.swift; sourceTree = "<group>"; };
		97B051F524A964A300F6EC25 /* Info.plist */ = {isa = PBXFileReference; lastKnownFileType = text.plist.xml; path = Info.plist; sourceTree = "<group>"; };
		97B0520124A964D500F6EC25 /* Activity Footprint.entitlements */ = {isa = PBXFileReference; lastKnownFileType = text.plist.entitlements; path = "Activity Footprint.entitlements"; sourceTree = "<group>"; };
		97B0520324A964D500F6EC25 /* HealthKit.framework */ = {isa = PBXFileReference; lastKnownFileType = wrapper.framework; name = HealthKit.framework; path = System/Library/Frameworks/HealthKit.framework; sourceTree = SDKROOT; };
		97B0520624A969DB00F6EC25 /* HealthKitSetupAssistant.swift */ = {isa = PBXFileReference; lastKnownFileType = sourcecode.swift; path = HealthKitSetupAssistant.swift; sourceTree = "<group>"; };
		97B0520924A96E6300F6EC25 /* WorkoutsDataStore.swift */ = {isa = PBXFileReference; lastKnownFileType = sourcecode.swift; path = WorkoutsDataStore.swift; sourceTree = "<group>"; };
/* End PBXFileReference section */

/* Begin PBXFrameworksBuildPhase section */
		97B051CB24A964A200F6EC25 /* Frameworks */ = {
			isa = PBXFrameworksBuildPhase;
			buildActionMask = 2147483647;
			files = (
				97B0520424A964D500F6EC25 /* HealthKit.framework in Frameworks */,
			);
			runOnlyForDeploymentPostprocessing = 0;
		};
		97B051E124A964A300F6EC25 /* Frameworks */ = {
			isa = PBXFrameworksBuildPhase;
			buildActionMask = 2147483647;
			files = (
			);
			runOnlyForDeploymentPostprocessing = 0;
		};
		97B051EC24A964A300F6EC25 /* Frameworks */ = {
			isa = PBXFrameworksBuildPhase;
			buildActionMask = 2147483647;
			files = (
			);
			runOnlyForDeploymentPostprocessing = 0;
		};
/* End PBXFrameworksBuildPhase section */

/* Begin PBXGroup section */
		97B051C524A964A200F6EC25 = {
			isa = PBXGroup;
			children = (
				97B051D024A964A200F6EC25 /* Activity Footprint */,
				97B051E724A964A300F6EC25 /* Activity FootprintTests */,
				97B051F224A964A300F6EC25 /* Activity FootprintUITests */,
				97B051CF24A964A200F6EC25 /* Products */,
				97B0520224A964D500F6EC25 /* Frameworks */,
			);
			sourceTree = "<group>";
		};
		97B051CF24A964A200F6EC25 /* Products */ = {
			isa = PBXGroup;
			children = (
				97B051CE24A964A200F6EC25 /* Activity Footprint.app */,
				97B051E424A964A300F6EC25 /* Activity FootprintTests.xctest */,
				97B051EF24A964A300F6EC25 /* Activity FootprintUITests.xctest */,
			);
			name = Products;
			sourceTree = "<group>";
		};
		97B051D024A964A200F6EC25 /* Activity Footprint */ = {
			isa = PBXGroup;
			children = (
				97B0520824A96E5400F6EC25 /* Workout */,
				97B0520524A969A500F6EC25 /* Health */,
				97B0520124A964D500F6EC25 /* Activity Footprint.entitlements */,
				97B051D124A964A200F6EC25 /* AppDelegate.swift */,
				97B051D324A964A200F6EC25 /* SceneDelegate.swift */,
				97B051D524A964A200F6EC25 /* ViewController.swift */,
				97B051D724A964A200F6EC25 /* Main.storyboard */,
				97B051DA24A964A300F6EC25 /* Assets.xcassets */,
				97B051DC24A964A300F6EC25 /* LaunchScreen.storyboard */,
				97B051DF24A964A300F6EC25 /* Info.plist */,
			);
			path = "Activity Footprint";
			sourceTree = "<group>";
		};
		97B051E724A964A300F6EC25 /* Activity FootprintTests */ = {
			isa = PBXGroup;
			children = (
				97B051E824A964A300F6EC25 /* Activity_FootprintTests.swift */,
				97B051EA24A964A300F6EC25 /* Info.plist */,
			);
			path = "Activity FootprintTests";
			sourceTree = "<group>";
		};
		97B051F224A964A300F6EC25 /* Activity FootprintUITests */ = {
			isa = PBXGroup;
			children = (
				97B051F324A964A300F6EC25 /* Activity_FootprintUITests.swift */,
				97B051F524A964A300F6EC25 /* Info.plist */,
			);
			path = "Activity FootprintUITests";
			sourceTree = "<group>";
		};
		97B0520224A964D500F6EC25 /* Frameworks */ = {
			isa = PBXGroup;
			children = (
				97B0520324A964D500F6EC25 /* HealthKit.framework */,
			);
			name = Frameworks;
			sourceTree = "<group>";
		};
		97B0520524A969A500F6EC25 /* Health */ = {
			isa = PBXGroup;
			children = (
				97B0520624A969DB00F6EC25 /* HealthKitSetupAssistant.swift */,
			);
			path = Health;
			sourceTree = "<group>";
		};
		97B0520824A96E5400F6EC25 /* Workout */ = {
			isa = PBXGroup;
			children = (
				97B0520924A96E6300F6EC25 /* WorkoutsDataStore.swift */,
			);
			path = Workout;
			sourceTree = "<group>";
		};
/* End PBXGroup section */

/* Begin PBXNativeTarget section */
		97B051CD24A964A200F6EC25 /* Activity Footprint */ = {
			isa = PBXNativeTarget;
			buildConfigurationList = 97B051F824A964A300F6EC25 /* Build configuration list for PBXNativeTarget "Activity Footprint" */;
			buildPhases = (
				97B051CA24A964A200F6EC25 /* Sources */,
				97B051CB24A964A200F6EC25 /* Frameworks */,
				97B051CC24A964A200F6EC25 /* Resources */,
			);
			buildRules = (
			);
			dependencies = (
			);
			name = "Activity Footprint";
			productName = "Activity Footprint";
			productReference = 97B051CE24A964A200F6EC25 /* Activity Footprint.app */;
			productType = "com.apple.product-type.application";
		};
		97B051E324A964A300F6EC25 /* Activity FootprintTests */ = {
			isa = PBXNativeTarget;
			buildConfigurationList = 97B051FB24A964A300F6EC25 /* Build configuration list for PBXNativeTarget "Activity FootprintTests" */;
			buildPhases = (
				97B051E024A964A300F6EC25 /* Sources */,
				97B051E124A964A300F6EC25 /* Frameworks */,
				97B051E224A964A300F6EC25 /* Resources */,
			);
			buildRules = (
			);
			dependencies = (
				97B051E624A964A300F6EC25 /* PBXTargetDependency */,
			);
			name = "Activity FootprintTests";
			productName = "Activity FootprintTests";
			productReference = 97B051E424A964A300F6EC25 /* Activity FootprintTests.xctest */;
			productType = "com.apple.product-type.bundle.unit-test";
		};
		97B051EE24A964A300F6EC25 /* Activity FootprintUITests */ = {
			isa = PBXNativeTarget;
			buildConfigurationList = 97B051FE24A964A300F6EC25 /* Build configuration list for PBXNativeTarget "Activity FootprintUITests" */;
			buildPhases = (
				97B051EB24A964A300F6EC25 /* Sources */,
				97B051EC24A964A300F6EC25 /* Frameworks */,
				97B051ED24A964A300F6EC25 /* Resources */,
			);
			buildRules = (
			);
			dependencies = (
				97B051F124A964A300F6EC25 /* PBXTargetDependency */,
			);
			name = "Activity FootprintUITests";
			productName = "Activity FootprintUITests";
			productReference = 97B051EF24A964A300F6EC25 /* Activity FootprintUITests.xctest */;
			productType = "com.apple.product-type.bundle.ui-testing";
		};
/* End PBXNativeTarget section */

/* Begin PBXProject section */
		97B051C624A964A200F6EC25 /* Project object */ = {
			isa = PBXProject;
			attributes = {
				LastSwiftUpdateCheck = 1150;
				LastUpgradeCheck = 1150;
				ORGANIZATIONNAME = "Ravi Vooda";
				TargetAttributes = {
					97B051CD24A964A200F6EC25 = {
						CreatedOnToolsVersion = 11.5;
					};
					97B051E324A964A300F6EC25 = {
						CreatedOnToolsVersion = 11.5;
						TestTargetID = 97B051CD24A964A200F6EC25;
					};
					97B051EE24A964A300F6EC25 = {
						CreatedOnToolsVersion = 11.5;
						TestTargetID = 97B051CD24A964A200F6EC25;
					};
				};
			};
			buildConfigurationList = 97B051C924A964A200F6EC25 /* Build configuration list for PBXProject "Activity Footprint" */;
			compatibilityVersion = "Xcode 9.3";
			developmentRegion = en;
			hasScannedForEncodings = 0;
			knownRegions = (
				en,
				Base,
			);
			mainGroup = 97B051C524A964A200F6EC25;
			productRefGroup = 97B051CF24A964A200F6EC25 /* Products */;
			projectDirPath = "";
			projectRoot = "";
			targets = (
				97B051CD24A964A200F6EC25 /* Activity Footprint */,
				97B051E324A964A300F6EC25 /* Activity FootprintTests */,
				97B051EE24A964A300F6EC25 /* Activity FootprintUITests */,
			);
		};
/* End PBXProject section */

/* Begin PBXResourcesBuildPhase section */
		97B051CC24A964A200F6EC25 /* Resources */ = {
			isa = PBXResourcesBuildPhase;
			buildActionMask = 2147483647;
			files = (
				97B051DE24A964A300F6EC25 /* LaunchScreen.storyboard in Resources */,
				97B051DB24A964A300F6EC25 /* Assets.xcassets in Resources */,
				97B051D924A964A200F6EC25 /* Main.storyboard in Resources */,
			);
			runOnlyForDeploymentPostprocessing = 0;
		};
		97B051E224A964A300F6EC25 /* Resources */ = {
			isa = PBXResourcesBuildPhase;
			buildActionMask = 2147483647;
			files = (
			);
			runOnlyForDeploymentPostprocessing = 0;
		};
		97B051ED24A964A300F6EC25 /* Resources */ = {
			isa = PBXResourcesBuildPhase;
			buildActionMask = 2147483647;
			files = (
			);
			runOnlyForDeploymentPostprocessing = 0;
		};
/* End PBXResourcesBuildPhase section */

/* Begin PBXSourcesBuildPhase section */
		97B051CA24A964A200F6EC25 /* Sources */ = {
			isa = PBXSourcesBuildPhase;
			buildActionMask = 2147483647;
			files = (
				97B051D624A964A200F6EC25 /* ViewController.swift in Sources */,
				97B0520724A969DB00F6EC25 /* HealthKitSetupAssistant.swift in Sources */,
				97B051D224A964A200F6EC25 /* AppDelegate.swift in Sources */,
				97B0520A24A96E6300F6EC25 /* WorkoutsDataStore.swift in Sources */,
				97B051D424A964A200F6EC25 /* SceneDelegate.swift in Sources */,
			);
			runOnlyForDeploymentPostprocessing = 0;
		};
		97B051E024A964A300F6EC25 /* Sources */ = {
			isa = PBXSourcesBuildPhase;
			buildActionMask = 2147483647;
			files = (
				97B051E924A964A300F6EC25 /* Activity_FootprintTests.swift in Sources */,
			);
			runOnlyForDeploymentPostprocessing = 0;
		};
		97B051EB24A964A300F6EC25 /* Sources */ = {
			isa = PBXSourcesBuildPhase;
			buildActionMask = 2147483647;
			files = (
				97B051F424A964A300F6EC25 /* Activity_FootprintUITests.swift in Sources */,
			);
			runOnlyForDeploymentPostprocessing = 0;
		};
/* End PBXSourcesBuildPhase section */

/* Begin PBXTargetDependency section */
		97B051E624A964A300F6EC25 /* PBXTargetDependency */ = {
			isa = PBXTargetDependency;
			target = 97B051CD24A964A200F6EC25 /* Activity Footprint */;
			targetProxy = 97B051E524A964A300F6EC25 /* PBXContainerItemProxy */;
		};
		97B051F124A964A300F6EC25 /* PBXTargetDependency */ = {
			isa = PBXTargetDependency;
			target = 97B051CD24A964A200F6EC25 /* Activity Footprint */;
			targetProxy = 97B051F024A964A300F6EC25 /* PBXContainerItemProxy */;
		};
/* End PBXTargetDependency section */

/* Begin PBXVariantGroup section */
		97B051D724A964A200F6EC25 /* Main.storyboard */ = {
			isa = PBXVariantGroup;
			children = (
				97B051D824A964A200F6EC25 /* Base */,
			);
			name = Main.storyboard;
			sourceTree = "<group>";
		};
		97B051DC24A964A300F6EC25 /* LaunchScreen.storyboard */ = {
			isa = PBXVariantGroup;
			children = (
				97B051DD24A964A300F6EC25 /* Base */,
			);
			name = LaunchScreen.storyboard;
			sourceTree = "<group>";
		};
/* End PBXVariantGroup section */

/* Begin XCBuildConfiguration section */
		97B051F624A964A300F6EC25 /* Debug */ = {
			isa = XCBuildConfiguration;
			buildSettings = {
				ALWAYS_SEARCH_USER_PATHS = NO;
				CLANG_ANALYZER_NONNULL = YES;
				CLANG_ANALYZER_NUMBER_OBJECT_CONVERSION = YES_AGGRESSIVE;
				CLANG_CXX_LANGUAGE_STANDARD = "gnu++14";
				CLANG_CXX_LIBRARY = "libc++";
				CLANG_ENABLE_MODULES = YES;
				CLANG_ENABLE_OBJC_ARC = YES;
				CLANG_ENABLE_OBJC_WEAK = YES;
				CLANG_WARN_BLOCK_CAPTURE_AUTORELEASING = YES;
				CLANG_WARN_BOOL_CONVERSION = YES;
				CLANG_WARN_COMMA = YES;
				CLANG_WARN_CONSTANT_CONVERSION = YES;
				CLANG_WARN_DEPRECATED_OBJC_IMPLEMENTATIONS = YES;
				CLANG_WARN_DIRECT_OBJC_ISA_USAGE = YES_ERROR;
				CLANG_WARN_DOCUMENTATION_COMMENTS = YES;
				CLANG_WARN_EMPTY_BODY = YES;
				CLANG_WARN_ENUM_CONVERSION = YES;
				CLANG_WARN_INFINITE_RECURSION = YES;
				CLANG_WARN_INT_CONVERSION = YES;
				CLANG_WARN_NON_LITERAL_NULL_CONVERSION = YES;
				CLANG_WARN_OBJC_IMPLICIT_RETAIN_SELF = YES;
				CLANG_WARN_OBJC_LITERAL_CONVERSION = YES;
				CLANG_WARN_OBJC_ROOT_CLASS = YES_ERROR;
				CLANG_WARN_RANGE_LOOP_ANALYSIS = YES;
				CLANG_WARN_STRICT_PROTOTYPES = YES;
				CLANG_WARN_SUSPICIOUS_MOVE = YES;
				CLANG_WARN_UNGUARDED_AVAILABILITY = YES_AGGRESSIVE;
				CLANG_WARN_UNREACHABLE_CODE = YES;
				CLANG_WARN__DUPLICATE_METHOD_MATCH = YES;
				COPY_PHASE_STRIP = NO;
				DEBUG_INFORMATION_FORMAT = dwarf;
				ENABLE_STRICT_OBJC_MSGSEND = YES;
				ENABLE_TESTABILITY = YES;
				GCC_C_LANGUAGE_STANDARD = gnu11;
				GCC_DYNAMIC_NO_PIC = NO;
				GCC_NO_COMMON_BLOCKS = YES;
				GCC_OPTIMIZATION_LEVEL = 0;
				GCC_PREPROCESSOR_DEFINITIONS = (
					"DEBUG=1",
					"$(inherited)",
				);
				GCC_WARN_64_TO_32_BIT_CONVERSION = YES;
				GCC_WARN_ABOUT_RETURN_TYPE = YES_ERROR;
				GCC_WARN_UNDECLARED_SELECTOR = YES;
				GCC_WARN_UNINITIALIZED_AUTOS = YES_AGGRESSIVE;
				GCC_WARN_UNUSED_FUNCTION = YES;
				GCC_WARN_UNUSED_VARIABLE = YES;
				IPHONEOS_DEPLOYMENT_TARGET = 13.5;
				MTL_ENABLE_DEBUG_INFO = INCLUDE_SOURCE;
				MTL_FAST_MATH = YES;
				ONLY_ACTIVE_ARCH = YES;
				SDKROOT = iphoneos;
				SWIFT_ACTIVE_COMPILATION_CONDITIONS = DEBUG;
				SWIFT_OPTIMIZATION_LEVEL = "-Onone";
			};
			name = Debug;
		};
		97B051F724A964A300F6EC25 /* Release */ = {
			isa = XCBuildConfiguration;
			buildSettings = {
				ALWAYS_SEARCH_USER_PATHS = NO;
				CLANG_ANALYZER_NONNULL = YES;
				CLANG_ANALYZER_NUMBER_OBJECT_CONVERSION = YES_AGGRESSIVE;
				CLANG_CXX_LANGUAGE_STANDARD = "gnu++14";
				CLANG_CXX_LIBRARY = "libc++";
				CLANG_ENABLE_MODULES = YES;
				CLANG_ENABLE_OBJC_ARC = YES;
				CLANG_ENABLE_OBJC_WEAK = YES;
				CLANG_WARN_BLOCK_CAPTURE_AUTORELEASING = YES;
				CLANG_WARN_BOOL_CONVERSION = YES;
				CLANG_WARN_COMMA = YES;
				CLANG_WARN_CONSTANT_CONVERSION = YES;
				CLANG_WARN_DEPRECATED_OBJC_IMPLEMENTATIONS = YES;
				CLANG_WARN_DIRECT_OBJC_ISA_USAGE = YES_ERROR;
				CLANG_WARN_DOCUMENTATION_COMMENTS = YES;
				CLANG_WARN_EMPTY_BODY = YES;
				CLANG_WARN_ENUM_CONVERSION = YES;
				CLANG_WARN_INFINITE_RECURSION = YES;
				CLANG_WARN_INT_CONVERSION = YES;
				CLANG_WARN_NON_LITERAL_NULL_CONVERSION = YES;
				CLANG_WARN_OBJC_IMPLICIT_RETAIN_SELF = YES;
				CLANG_WARN_OBJC_LITERAL_CONVERSION = YES;
				CLANG_WARN_OBJC_ROOT_CLASS = YES_ERROR;
				CLANG_WARN_RANGE_LOOP_ANALYSIS = YES;
				CLANG_WARN_STRICT_PROTOTYPES = YES;
				CLANG_WARN_SUSPICIOUS_MOVE = YES;
				CLANG_WARN_UNGUARDED_AVAILABILITY = YES_AGGRESSIVE;
				CLANG_WARN_UNREACHABLE_CODE = YES;
				CLANG_WARN__DUPLICATE_METHOD_MATCH = YES;
				COPY_PHASE_STRIP = NO;
				DEBUG_INFORMATION_FORMAT = "dwarf-with-dsym";
				ENABLE_NS_ASSERTIONS = NO;
				ENABLE_STRICT_OBJC_MSGSEND = YES;
				GCC_C_LANGUAGE_STANDARD = gnu11;
				GCC_NO_COMMON_BLOCKS = YES;
				GCC_WARN_64_TO_32_BIT_CONVERSION = YES;
				GCC_WARN_ABOUT_RETURN_TYPE = YES_ERROR;
				GCC_WARN_UNDECLARED_SELECTOR = YES;
				GCC_WARN_UNINITIALIZED_AUTOS = YES_AGGRESSIVE;
				GCC_WARN_UNUSED_FUNCTION = YES;
				GCC_WARN_UNUSED_VARIABLE = YES;
				IPHONEOS_DEPLOYMENT_TARGET = 13.5;
				MTL_ENABLE_DEBUG_INFO = NO;
				MTL_FAST_MATH = YES;
				SDKROOT = iphoneos;
				SWIFT_COMPILATION_MODE = wholemodule;
				SWIFT_OPTIMIZATION_LEVEL = "-O";
				VALIDATE_PRODUCT = YES;
			};
			name = Release;
		};
		97B051F924A964A300F6EC25 /* Debug */ = {
			isa = XCBuildConfiguration;
			buildSettings = {
				ASSETCATALOG_COMPILER_APPICON_NAME = AppIcon;
				CODE_SIGN_ENTITLEMENTS = "Activity Footprint/Activity Footprint.entitlements";
				CODE_SIGN_STYLE = Automatic;
				INFOPLIST_FILE = "Activity Footprint/Info.plist";
				LD_RUNPATH_SEARCH_PATHS = (
					"$(inherited)",
					"@executable_path/Frameworks",
				);
				PRODUCT_BUNDLE_IDENTIFIER = "com.backyard-garden.Activity-Footprint";
				PRODUCT_NAME = "$(TARGET_NAME)";
				SWIFT_VERSION = 5.0;
				TARGETED_DEVICE_FAMILY = "1,2";
			};
			name = Debug;
		};
		97B051FA24A964A300F6EC25 /* Release */ = {
			isa = XCBuildConfiguration;
			buildSettings = {
				ASSETCATALOG_COMPILER_APPICON_NAME = AppIcon;
				CODE_SIGN_ENTITLEMENTS = "Activity Footprint/Activity Footprint.entitlements";
				CODE_SIGN_STYLE = Automatic;
				INFOPLIST_FILE = "Activity Footprint/Info.plist";
				LD_RUNPATH_SEARCH_PATHS = (
					"$(inherited)",
					"@executable_path/Frameworks",
				);
				PRODUCT_BUNDLE_IDENTIFIER = "com.backyard-garden.Activity-Footprint";
				PRODUCT_NAME = "$(TARGET_NAME)";
				SWIFT_VERSION = 5.0;
				TARGETED_DEVICE_FAMILY = "1,2";
			};
			name = Release;
		};
		97B051FC24A964A300F6EC25 /* Debug */ = {
			isa = XCBuildConfiguration;
			buildSettings = {
				ALWAYS_EMBED_SWIFT_STANDARD_LIBRARIES = YES;
				BUNDLE_LOADER = "$(TEST_HOST)";
				CODE_SIGN_STYLE = Automatic;
				INFOPLIST_FILE = "Activity FootprintTests/Info.plist";
				IPHONEOS_DEPLOYMENT_TARGET = 13.5;
				LD_RUNPATH_SEARCH_PATHS = (
					"$(inherited)",
					"@executable_path/Frameworks",
					"@loader_path/Frameworks",
				);
				PRODUCT_BUNDLE_IDENTIFIER = "com.backyard-garden.Activity-FootprintTests";
				PRODUCT_NAME = "$(TARGET_NAME)";
				SWIFT_VERSION = 5.0;
				TARGETED_DEVICE_FAMILY = "1,2";
				TEST_HOST = "$(BUILT_PRODUCTS_DIR)/Activity Footprint.app/Activity Footprint";
			};
			name = Debug;
		};
		97B051FD24A964A300F6EC25 /* Release */ = {
			isa = XCBuildConfiguration;
			buildSettings = {
				ALWAYS_EMBED_SWIFT_STANDARD_LIBRARIES = YES;
				BUNDLE_LOADER = "$(TEST_HOST)";
				CODE_SIGN_STYLE = Automatic;
				INFOPLIST_FILE = "Activity FootprintTests/Info.plist";
				IPHONEOS_DEPLOYMENT_TARGET = 13.5;
				LD_RUNPATH_SEARCH_PATHS = (
					"$(inherited)",
					"@executable_path/Frameworks",
					"@loader_path/Frameworks",
				);
				PRODUCT_BUNDLE_IDENTIFIER = "com.backyard-garden.Activity-FootprintTests";
				PRODUCT_NAME = "$(TARGET_NAME)";
				SWIFT_VERSION = 5.0;
				TARGETED_DEVICE_FAMILY = "1,2";
				TEST_HOST = "$(BUILT_PRODUCTS_DIR)/Activity Footprint.app/Activity Footprint";
			};
			name = Release;
		};
		97B051FF24A964A300F6EC25 /* Debug */ = {
			isa = XCBuildConfiguration;
			buildSettings = {
				ALWAYS_EMBED_SWIFT_STANDARD_LIBRARIES = YES;
				CODE_SIGN_STYLE = Automatic;
				INFOPLIST_FILE = "Activity FootprintUITests/Info.plist";
				LD_RUNPATH_SEARCH_PATHS = (
					"$(inherited)",
					"@executable_path/Frameworks",
					"@loader_path/Frameworks",
				);
				PRODUCT_BUNDLE_IDENTIFIER = "com.backyard-garden.Activity-FootprintUITests";
				PRODUCT_NAME = "$(TARGET_NAME)";
				SWIFT_VERSION = 5.0;
				TARGETED_DEVICE_FAMILY = "1,2";
				TEST_TARGET_NAME = "Activity Footprint";
			};
			name = Debug;
		};
		97B0520024A964A300F6EC25 /* Release */ = {
			isa = XCBuildConfiguration;
			buildSettings = {
				ALWAYS_EMBED_SWIFT_STANDARD_LIBRARIES = YES;
				CODE_SIGN_STYLE = Automatic;
				INFOPLIST_FILE = "Activity FootprintUITests/Info.plist";
				LD_RUNPATH_SEARCH_PATHS = (
					"$(inherited)",
					"@executable_path/Frameworks",
					"@loader_path/Frameworks",
				);
				PRODUCT_BUNDLE_IDENTIFIER = "com.backyard-garden.Activity-FootprintUITests";
				PRODUCT_NAME = "$(TARGET_NAME)";
				SWIFT_VERSION = 5.0;
				TARGETED_DEVICE_FAMILY = "1,2";
				TEST_TARGET_NAME = "Activity Footprint";
			};
			name = Release;
		};
/* End XCBuildConfiguration section */

/* Begin XCConfigurationList section */
		97B051C924A964A200F6EC25 /* Build configuration list for PBXProject "Activity Footprint" */ = {
			isa = XCConfigurationList;
			buildConfigurations = (
				97B051F624A964A300F6EC25 /* Debug */,
				97B051F724A964A300F6EC25 /* Release */,
			);
			defaultConfigurationIsVisible = 0;
			defaultConfigurationName = Release;
		};
		97B051F824A964A300F6EC25 /* Build configuration list for PBXNativeTarget "Activity Footprint" */ = {
			isa = XCConfigurationList;
			buildConfigurations = (
				97B051F924A964A300F6EC25 /* Debug */,
				97B051FA24A964A300F6EC25 /* Release */,
			);
			defaultConfigurationIsVisible = 0;
			defaultConfigurationName = Release;
		};
		97B051FB24A964A300F6EC25 /* Build configuration list for PBXNativeTarget "Activity FootprintTests" */ = {
			isa = XCConfigurationList;
			buildConfigurations = (
				97B051FC24A964A300F6EC25 /* Debug */,
				97B051FD24A964A300F6EC25 /* Release */,
			);
			defaultConfigurationIsVisible = 0;
			defaultConfigurationName = Release;
		};
		97B051FE24A964A300F6EC25 /* Build configuration list for PBXNativeTarget "Activity FootprintUITests" */ = {
			isa = XCConfigurationList;
			buildConfigurations = (
				97B051FF24A964A300F6EC25 /* Debug */,
				97B0520024A964A300F6EC25 /* Release */,
			);
			defaultConfigurationIsVisible = 0;
			defaultConfigurationName = Release;
		};
/* End XCConfigurationList section */
	};
	rootObject = 97B051C624A964A200F6EC25 /* Project object */;
}
